
Microsoft Visual Studio Solution File, Format Version 12.00
# Visual Studio Version 17
VisualStudioVersion = 17.5.33516.290
MinimumVisualStudioVersion = 10.0.40219.1
Project("{FAE04EC0-301F-11D3-BF4B-00C04F79EFBC}") = "FoodHut", "FoodHut\FoodHut.csproj", "{B81C314D-0AAF-42C9-84A3-C6C4E4BFD766}"
EndProject
Project("{FAE04EC0-301F-11D3-BF4B-00C04F79EFBC}") = "BLL", "BLL\BLL.csproj", "{8732EDEB-144C-41C5-8B23-309E6D8A08C9}"
EndProject
Project("{FAE04EC0-301F-11D3-BF4B-00C04F79EFBC}") = "DAL", "DAL\DAL.csproj", "{9B8F75F7-B506-448F-9165-16C886659654}"
EndProject
Global
	GlobalSection(SolutionConfigurationPlatforms) = preSolution
		Debug|Any CPU = Debug|Any CPU
		Release|Any CPU = Release|Any CPU
	EndGlobalSection
	GlobalSection(ProjectConfigurationPlatforms) = postSolution
		{B81C314D-0AAF-42C9-84A3-C6C4E4BFD766}.Debug|Any CPU.ActiveCfg = Debug|Any CPU
		{B81C314D-0AAF-42C9-84A3-C6C4E4BFD766}.Debug|Any CPU.Build.0 = Debug|Any CPU
		{B81C314D-0AAF-42C9-84A3-C6C4E4BFD766}.Release|Any CPU.ActiveCfg = Release|Any CPU
		{B81C314D-0AAF-42C9-84A3-C6C4E4BFD766}.Release|Any CPU.Build.0 = Release|Any CPU
		{8732EDEB-144C-41C5-8B23-309E6D8A08C9}.Debug|Any CPU.ActiveCfg = Debug|Any CPU
		{8732EDEB-144C-41C5-8B23-309E6D8A08C9}.Debug|Any CPU.Build.0 = Debug|Any CPU
		{8732EDEB-144C-41C5-8B23-309E6D8A08C9}.Release|Any CPU.ActiveCfg = Release|Any CPU
		{8732EDEB-144C-41C5-8B23-309E6D8A08C9}.Release|Any CPU.Build.0 = Release|Any CPU
		{9B8F75F7-B506-448F-9165-16C886659654}.Debug|Any CPU.ActiveCfg = Debug|Any CPU
		{9B8F75F7-B506-448F-9165-16C886659654}.Debug|Any CPU.Build.0 = Debug|Any CPU
		{9B8F75F7-B506-448F-9165-16C886659654}.Release|Any CPU.ActiveCfg = Release|Any CPU
		{9B8F75F7-B506-448F-9165-16C886659654}.Release|Any CPU.Build.0 = Release|Any CPU
	EndGlobalSection
	GlobalSection(SolutionProperties) = preSolution
		HideSolutionNode = FALSE
	EndGlobalSection
	GlobalSection(ExtensibilityGlobals) = postSolution
		SolutionGuid = {105DAF55-F013-4963-978C-82FA12BE83FD}
	EndGlobalSection
EndGlobal
